
Microsoft Visual Studio Solution File, Format Version 12.00
# Visual Studio Version 17
VisualStudioVersion = 17.0.31903.59
MinimumVisualStudioVersion = 10.0.40219.1
Project("{FAE04EC0-301F-11D3-BF4B-00C04F79EFBC}") = "LibAoc", "LibAoc\LibAoc.csproj", "{095EAD81-A520-44AB-B5CE-59BBDD923DAF}"
EndProject
Project("{FAE04EC0-301F-11D3-BF4B-00C04F79EFBC}") = "Aoc01", "Aoc01\Aoc01.csproj", "{E5EF0BD7-60A8-41B1-8CA4-DC2ABC9BBA88}"
EndProject
Project("{FAE04EC0-301F-11D3-BF4B-00C04F79EFBC}") = "Aoc02", "Aoc02\Aoc02.csproj", "{D3BF4810-3BB8-427D-A739-84CDA415CA4B}"
EndProject
Project("{FAE04EC0-301F-11D3-BF4B-00C04F79EFBC}") = "Aoc03", "Aoc03\Aoc03.csproj", "{D27E7F76-A32B-485D-A62C-1432B36376E9}"
EndProject
Project("{FAE04EC0-301F-11D3-BF4B-00C04F79EFBC}") = "Aoc04", "Aoc04\Aoc04.csproj", "{737D4826-01D4-4D85-8AF0-CC65FAC79FFC}"
EndProject
Project("{FAE04EC0-301F-11D3-BF4B-00C04F79EFBC}") = "Aoc05", "Aoc05\Aoc05.csproj", "{7EC183B2-2BC3-4A2A-95C3-282C185DC1E2}"
EndProject
Project("{FAE04EC0-301F-11D3-BF4B-00C04F79EFBC}") = "Aoc06", "Aoc06\Aoc06.csproj", "{2F195C2B-2538-451A-BB58-C498CB9642AA}"
EndProject
Project("{FAE04EC0-301F-11D3-BF4B-00C04F79EFBC}") = "Aoc07", "Aoc07\Aoc07.csproj", "{33D0334C-0625-40E2-8E87-AE0E2BBB93EE}"
EndProject
Project("{FAE04EC0-301F-11D3-BF4B-00C04F79EFBC}") = "Aoc08", "Aoc08\Aoc08.csproj", "{FE3BA76E-E56F-466D-BC05-177EBD4E3A14}"
EndProject
Project("{FAE04EC0-301F-11D3-BF4B-00C04F79EFBC}") = "Aoc09", "Aoc09\Aoc09.csproj", "{0FE32EDD-EBBB-4005-AC90-5906F44C77CA}"
EndProject
Project("{FAE04EC0-301F-11D3-BF4B-00C04F79EFBC}") = "Aoc10", "Aoc10\Aoc10.csproj", "{3A7D9732-83B6-4B51-A660-10C06B77065A}"
EndProject
Project("{FAE04EC0-301F-11D3-BF4B-00C04F79EFBC}") = "Aoc11", "Aoc11\Aoc11.csproj", "{254B8B33-E682-40A3-BD8E-96A5278DCF47}"
EndProject
Project("{FAE04EC0-301F-11D3-BF4B-00C04F79EFBC}") = "Aoc12", "Aoc12\Aoc12.csproj", "{3633D219-B6E6-4CF5-8E6B-DDD48FF10820}"
EndProject
Project("{FAE04EC0-301F-11D3-BF4B-00C04F79EFBC}") = "Aoc13", "Aoc13\Aoc13.csproj", "{ACB344C6-22B6-43C2-B724-529DD311428A}"
EndProject
Project("{FAE04EC0-301F-11D3-BF4B-00C04F79EFBC}") = "Aoc14", "Aoc14\Aoc14.csproj", "{B5D8F75C-5A57-4BF5-B104-13028775872D}"
EndProject
Project("{FAE04EC0-301F-11D3-BF4B-00C04F79EFBC}") = "Aoc15", "Aoc15\Aoc15.csproj", "{34DD8D26-1EA7-4C26-A17B-80F97B794EEE}"
EndProject
Global
	GlobalSection(SolutionConfigurationPlatforms) = preSolution
		Debug|Any CPU = Debug|Any CPU
		Release|Any CPU = Release|Any CPU
	EndGlobalSection
	GlobalSection(SolutionProperties) = preSolution
		HideSolutionNode = FALSE
	EndGlobalSection
	GlobalSection(ProjectConfigurationPlatforms) = postSolution
		{095EAD81-A520-44AB-B5CE-59BBDD923DAF}.Debug|Any CPU.ActiveCfg = Debug|Any CPU
		{095EAD81-A520-44AB-B5CE-59BBDD923DAF}.Debug|Any CPU.Build.0 = Debug|Any CPU
		{095EAD81-A520-44AB-B5CE-59BBDD923DAF}.Release|Any CPU.ActiveCfg = Release|Any CPU
		{095EAD81-A520-44AB-B5CE-59BBDD923DAF}.Release|Any CPU.Build.0 = Release|Any CPU
		{E5EF0BD7-60A8-41B1-8CA4-DC2ABC9BBA88}.Debug|Any CPU.ActiveCfg = Debug|Any CPU
		{E5EF0BD7-60A8-41B1-8CA4-DC2ABC9BBA88}.Debug|Any CPU.Build.0 = Debug|Any CPU
		{E5EF0BD7-60A8-41B1-8CA4-DC2ABC9BBA88}.Release|Any CPU.ActiveCfg = Release|Any CPU
		{E5EF0BD7-60A8-41B1-8CA4-DC2ABC9BBA88}.Release|Any CPU.Build.0 = Release|Any CPU
		{D3BF4810-3BB8-427D-A739-84CDA415CA4B}.Debug|Any CPU.ActiveCfg = Debug|Any CPU
		{D3BF4810-3BB8-427D-A739-84CDA415CA4B}.Debug|Any CPU.Build.0 = Debug|Any CPU
		{D3BF4810-3BB8-427D-A739-84CDA415CA4B}.Release|Any CPU.ActiveCfg = Release|Any CPU
		{D3BF4810-3BB8-427D-A739-84CDA415CA4B}.Release|Any CPU.Build.0 = Release|Any CPU
		{D27E7F76-A32B-485D-A62C-1432B36376E9}.Debug|Any CPU.ActiveCfg = Debug|Any CPU
		{D27E7F76-A32B-485D-A62C-1432B36376E9}.Debug|Any CPU.Build.0 = Debug|Any CPU
		{D27E7F76-A32B-485D-A62C-1432B36376E9}.Release|Any CPU.ActiveCfg = Release|Any CPU
		{D27E7F76-A32B-485D-A62C-1432B36376E9}.Release|Any CPU.Build.0 = Release|Any CPU
		{737D4826-01D4-4D85-8AF0-CC65FAC79FFC}.Debug|Any CPU.ActiveCfg = Debug|Any CPU
		{737D4826-01D4-4D85-8AF0-CC65FAC79FFC}.Debug|Any CPU.Build.0 = Debug|Any CPU
		{737D4826-01D4-4D85-8AF0-CC65FAC79FFC}.Release|Any CPU.ActiveCfg = Release|Any CPU
		{737D4826-01D4-4D85-8AF0-CC65FAC79FFC}.Release|Any CPU.Build.0 = Release|Any CPU
		{7EC183B2-2BC3-4A2A-95C3-282C185DC1E2}.Debug|Any CPU.ActiveCfg = Debug|Any CPU
		{7EC183B2-2BC3-4A2A-95C3-282C185DC1E2}.Debug|Any CPU.Build.0 = Debug|Any CPU
		{7EC183B2-2BC3-4A2A-95C3-282C185DC1E2}.Release|Any CPU.ActiveCfg = Release|Any CPU
		{7EC183B2-2BC3-4A2A-95C3-282C185DC1E2}.Release|Any CPU.Build.0 = Release|Any CPU
		{2F195C2B-2538-451A-BB58-C498CB9642AA}.Debug|Any CPU.ActiveCfg = Debug|Any CPU
		{2F195C2B-2538-451A-BB58-C498CB9642AA}.Debug|Any CPU.Build.0 = Debug|Any CPU
		{2F195C2B-2538-451A-BB58-C498CB9642AA}.Release|Any CPU.ActiveCfg = Release|Any CPU
		{2F195C2B-2538-451A-BB58-C498CB9642AA}.Release|Any CPU.Build.0 = Release|Any CPU
		{33D0334C-0625-40E2-8E87-AE0E2BBB93EE}.Debug|Any CPU.ActiveCfg = Debug|Any CPU
		{33D0334C-0625-40E2-8E87-AE0E2BBB93EE}.Debug|Any CPU.Build.0 = Debug|Any CPU
		{33D0334C-0625-40E2-8E87-AE0E2BBB93EE}.Release|Any CPU.ActiveCfg = Release|Any CPU
		{33D0334C-0625-40E2-8E87-AE0E2BBB93EE}.Release|Any CPU.Build.0 = Release|Any CPU
		{FE3BA76E-E56F-466D-BC05-177EBD4E3A14}.Debug|Any CPU.ActiveCfg = Debug|Any CPU
		{FE3BA76E-E56F-466D-BC05-177EBD4E3A14}.Debug|Any CPU.Build.0 = Debug|Any CPU
		{FE3BA76E-E56F-466D-BC05-177EBD4E3A14}.Release|Any CPU.ActiveCfg = Release|Any CPU
		{FE3BA76E-E56F-466D-BC05-177EBD4E3A14}.Release|Any CPU.Build.0 = Release|Any CPU
		{0FE32EDD-EBBB-4005-AC90-5906F44C77CA}.Debug|Any CPU.ActiveCfg = Debug|Any CPU
		{0FE32EDD-EBBB-4005-AC90-5906F44C77CA}.Debug|Any CPU.Build.0 = Debug|Any CPU
		{0FE32EDD-EBBB-4005-AC90-5906F44C77CA}.Release|Any CPU.ActiveCfg = Release|Any CPU
		{0FE32EDD-EBBB-4005-AC90-5906F44C77CA}.Release|Any CPU.Build.0 = Release|Any CPU
		{3A7D9732-83B6-4B51-A660-10C06B77065A}.Debug|Any CPU.ActiveCfg = Debug|Any CPU
		{3A7D9732-83B6-4B51-A660-10C06B77065A}.Debug|Any CPU.Build.0 = Debug|Any CPU
		{3A7D9732-83B6-4B51-A660-10C06B77065A}.Release|Any CPU.ActiveCfg = Release|Any CPU
		{3A7D9732-83B6-4B51-A660-10C06B77065A}.Release|Any CPU.Build.0 = Release|Any CPU
		{254B8B33-E682-40A3-BD8E-96A5278DCF47}.Debug|Any CPU.ActiveCfg = Debug|Any CPU
		{254B8B33-E682-40A3-BD8E-96A5278DCF47}.Debug|Any CPU.Build.0 = Debug|Any CPU
		{254B8B33-E682-40A3-BD8E-96A5278DCF47}.Release|Any CPU.ActiveCfg = Release|Any CPU
		{254B8B33-E682-40A3-BD8E-96A5278DCF47}.Release|Any CPU.Build.0 = Release|Any CPU
		{3633D219-B6E6-4CF5-8E6B-DDD48FF10820}.Debug|Any CPU.ActiveCfg = Debug|Any CPU
		{3633D219-B6E6-4CF5-8E6B-DDD48FF10820}.Debug|Any CPU.Build.0 = Debug|Any CPU
		{3633D219-B6E6-4CF5-8E6B-DDD48FF10820}.Release|Any CPU.ActiveCfg = Release|Any CPU
		{3633D219-B6E6-4CF5-8E6B-DDD48FF10820}.Release|Any CPU.Build.0 = Release|Any CPU
		{ACB344C6-22B6-43C2-B724-529DD311428A}.Debug|Any CPU.ActiveCfg = Debug|Any CPU
		{ACB344C6-22B6-43C2-B724-529DD311428A}.Debug|Any CPU.Build.0 = Debug|Any CPU
		{ACB344C6-22B6-43C2-B724-529DD311428A}.Release|Any CPU.ActiveCfg = Release|Any CPU
		{ACB344C6-22B6-43C2-B724-529DD311428A}.Release|Any CPU.Build.0 = Release|Any CPU
		{B5D8F75C-5A57-4BF5-B104-13028775872D}.Debug|Any CPU.ActiveCfg = Debug|Any CPU
		{B5D8F75C-5A57-4BF5-B104-13028775872D}.Debug|Any CPU.Build.0 = Debug|Any CPU
		{B5D8F75C-5A57-4BF5-B104-13028775872D}.Release|Any CPU.ActiveCfg = Release|Any CPU
		{B5D8F75C-5A57-4BF5-B104-13028775872D}.Release|Any CPU.Build.0 = Release|Any CPU
		{34DD8D26-1EA7-4C26-A17B-80F97B794EEE}.Debug|Any CPU.ActiveCfg = Debug|Any CPU
		{34DD8D26-1EA7-4C26-A17B-80F97B794EEE}.Debug|Any CPU.Build.0 = Debug|Any CPU
		{34DD8D26-1EA7-4C26-A17B-80F97B794EEE}.Release|Any CPU.ActiveCfg = Release|Any CPU
		{34DD8D26-1EA7-4C26-A17B-80F97B794EEE}.Release|Any CPU.Build.0 = Release|Any CPU
	EndGlobalSection
EndGlobal
